PODS:
  - dart_duckdb (1.4.2):
    - Flutter
  - Flutter (1.0.0)

DEPENDENCIES:
  - dart_duckdb (from `.symlinks/plugins/dart_duckdb/ios`)
  - Flutter (from `Flutter`)

EXTERNAL SOURCES:
  dart_duckdb:
    :path: ".symlinks/plugins/dart_duckdb/ios"
  Flutter:
    :path: Flutter

SPEC CHECKSUMS:
  dart_duckdb: d49016a145702f7550fbc04104abfa521267a6bd
  Flutter: cabc95a1d2626b1b06e7179b784ebcf0c0cde467

PODFILE CHECKSUM: 61d3116d87e559659f727f93bda0287652ff180d

COCOAPODS: 1.16.2
