PODS:
  - dart_duckdb (1.4.2):
    - Flutter
  - Flutter (1.0.0)

DEPENDENCIES:
  - dart_duckdb (from `.symlinks/plugins/dart_duckdb/ios`)
  - Flutter (from `Flutter`)

EXTERNAL SOURCES:
  dart_duckdb:
    :path: ".symlinks/plugins/dart_duckdb/ios"
  Flutter:
    :path: Flutter

SPEC CHECKSUMS:
  dart_duckdb: 2fb95a7b3411a18b0b5cff8f447949e7bf62edab
  Flutter: cabc95a1d2626b1b06e7179b784ebcf0c0cde467

PODFILE CHECKSUM: 76c8e60708f5609a66a3008c667db5b4613ac88d

COCOAPODS: 1.16.2
